
Microsoft Visual Studio Solution File, Format Version 12.00
# Visual Studio Version 16
VisualStudioVersion = 16.0.30907.101
MinimumVisualStudioVersion = 10.0.40219.1
Project("{9A19103F-16F7-4668-BE54-9A1E7A4F7556}") = "Algoritimo", "Algoritimo\Algoritimo.csproj", "{CEFDD1A6-693D-4908-966E-64D63965E020}"
EndProject
Project("{FAE04EC0-301F-11D3-BF4B-00C04F79EFBC}") = "Comando.Tests", "Comando.Tests\Comando.Tests.csproj", "{B02A0276-AF07-4E2F-B31B-F107E8C0C29E}"
EndProject
Global
	GlobalSection(SolutionConfigurationPlatforms) = preSolution
		Debug|Any CPU = Debug|Any CPU
		Release|Any CPU = Release|Any CPU
	EndGlobalSection
	GlobalSection(ProjectConfigurationPlatforms) = postSolution
		{CEFDD1A6-693D-4908-966E-64D63965E020}.Debug|Any CPU.ActiveCfg = Debug|Any CPU
		{CEFDD1A6-693D-4908-966E-64D63965E020}.Debug|Any CPU.Build.0 = Debug|Any CPU
		{CEFDD1A6-693D-4908-966E-64D63965E020}.Release|Any CPU.ActiveCfg = Release|Any CPU
		{CEFDD1A6-693D-4908-966E-64D63965E020}.Release|Any CPU.Build.0 = Release|Any CPU
		{B02A0276-AF07-4E2F-B31B-F107E8C0C29E}.Debug|Any CPU.ActiveCfg = Debug|Any CPU
		{B02A0276-AF07-4E2F-B31B-F107E8C0C29E}.Debug|Any CPU.Build.0 = Debug|Any CPU
		{B02A0276-AF07-4E2F-B31B-F107E8C0C29E}.Release|Any CPU.ActiveCfg = Release|Any CPU
		{B02A0276-AF07-4E2F-B31B-F107E8C0C29E}.Release|Any CPU.Build.0 = Release|Any CPU
	EndGlobalSection
	GlobalSection(SolutionProperties) = preSolution
		HideSolutionNode = FALSE
	EndGlobalSection
	GlobalSection(ExtensibilityGlobals) = postSolution
		SolutionGuid = {2E0F627E-7194-4A15-A0C7-D6A54369D333}
	EndGlobalSection
EndGlobal
